// !$*UTF8*$!
{
	archiveVersion = 1;
	classes = {
	};
	objectVersion = 50;
	objects = {

/* Begin PBXBuildFile section */
		D2297EF922444D14003093AC /* CardCell.swift in Sources */ = {isa = PBXBuildFile; fileRef = D2297EF722444D14003093AC /* CardCell.swift */; };
		D2297EFA22444D14003093AC /* CardCell.xib in Resources */ = {isa = PBXBuildFile; fileRef = D2297EF822444D14003093AC /* CardCell.xib */; };
		D240AEAE223D876D00CF0D08 /* CollectionDetailVC.swift in Sources */ = {isa = PBXBuildFile; fileRef = D240AEAD223D876D00CF0D08 /* CollectionDetailVC.swift */; };
		D247363E2243F6D700EA74C2 /* NetworkManager.swift in Sources */ = {isa = PBXBuildFile; fileRef = D247363D2243F6D700EA74C2 /* NetworkManager.swift */; };
		D2959916223D620F00B4517B /* AppDelegate.swift in Sources */ = {isa = PBXBuildFile; fileRef = D2959915223D620F00B4517B /* AppDelegate.swift */; };
		D2959918223D620F00B4517B /* CustomCollectionVC.swift in Sources */ = {isa = PBXBuildFile; fileRef = D2959917223D620F00B4517B /* CustomCollectionVC.swift */; };
		D295991B223D620F00B4517B /* Main.storyboard in Resources */ = {isa = PBXBuildFile; fileRef = D2959919223D620F00B4517B /* Main.storyboard */; };
		D295991D223D620F00B4517B /* Assets.xcassets in Resources */ = {isa = PBXBuildFile; fileRef = D295991C223D620F00B4517B /* Assets.xcassets */; };
		D2959920223D620F00B4517B /* LaunchScreen.storyboard in Resources */ = {isa = PBXBuildFile; fileRef = D295991E223D620F00B4517B /* LaunchScreen.storyboard */; };
		D2B0F285223EC57D00B3378D /* ProductCell.swift in Sources */ = {isa = PBXBuildFile; fileRef = D2B0F283223EC57D00B3378D /* ProductCell.swift */; };
		D2B0F286223EC57D00B3378D /* ProductCell.xib in Resources */ = {isa = PBXBuildFile; fileRef = D2B0F284223EC57D00B3378D /* ProductCell.xib */; };
		D2C7F208223DB1620051752B /* Collects.swift in Sources */ = {isa = PBXBuildFile; fileRef = D2C7F207223DB1620051752B /* Collects.swift */; };
		D2C7F20E223DB9080051752B /* Products.swift in Sources */ = {isa = PBXBuildFile; fileRef = D2C7F20D223DB9080051752B /* Products.swift */; };
		D2EF025B223D667600A5A530 /* CustomCollections.swift in Sources */ = {isa = PBXBuildFile; fileRef = D2EF025A223D667600A5A530 /* CustomCollections.swift */; };
/* End PBXBuildFile section */

/* Begin PBXFileReference section */
		D2297EF722444D14003093AC /* CardCell.swift */ = {isa = PBXFileReference; lastKnownFileType = sourcecode.swift; path = CardCell.swift; sourceTree = "<group>"; };
		D2297EF822444D14003093AC /* CardCell.xib */ = {isa = PBXFileReference; lastKnownFileType = file.xib; path = CardCell.xib; sourceTree = "<group>"; };
		D240AEAD223D876D00CF0D08 /* CollectionDetailVC.swift */ = {isa = PBXFileReference; lastKnownFileType = sourcecode.swift; path = CollectionDetailVC.swift; sourceTree = "<group>"; };
		D247363D2243F6D700EA74C2 /* NetworkManager.swift */ = {isa = PBXFileReference; lastKnownFileType = sourcecode.swift; path = NetworkManager.swift; sourceTree = "<group>"; };
		D2959912223D620F00B4517B /* CustomCollections.app */ = {isa = PBXFileReference; explicitFileType = wrapper.application; includeInIndex = 0; path = CustomCollections.app; sourceTree = BUILT_PRODUCTS_DIR; };
		D2959915223D620F00B4517B /* AppDelegate.swift */ = {isa = PBXFileReference; lastKnownFileType = sourcecode.swift; path = AppDelegate.swift; sourceTree = "<group>"; };
		D2959917223D620F00B4517B /* CustomCollectionVC.swift */ = {isa = PBXFileReference; lastKnownFileType = sourcecode.swift; path = CustomCollectionVC.swift; sourceTree = "<group>"; };
		D295991A223D620F00B4517B /* Base */ = {isa = PBXFileReference; lastKnownFileType = file.storyboard; name = Base; path = Base.lproj/Main.storyboard; sourceTree = "<group>"; };
		D295991C223D620F00B4517B /* Assets.xcassets */ = {isa = PBXFileReference; lastKnownFileType = folder.assetcatalog; path = Assets.xcassets; sourceTree = "<group>"; };
		D295991F223D620F00B4517B /* Base */ = {isa = PBXFileReference; lastKnownFileType = file.storyboard; name = Base; path = Base.lproj/LaunchScreen.storyboard; sourceTree = "<group>"; };
		D2959921223D620F00B4517B /* Info.plist */ = {isa = PBXFileReference; lastKnownFileType = text.plist.xml; path = Info.plist; sourceTree = "<group>"; };
		D2B0F283223EC57D00B3378D /* ProductCell.swift */ = {isa = PBXFileReference; lastKnownFileType = sourcecode.swift; path = ProductCell.swift; sourceTree = "<group>"; };
		D2B0F284223EC57D00B3378D /* ProductCell.xib */ = {isa = PBXFileReference; lastKnownFileType = file.xib; path = ProductCell.xib; sourceTree = "<group>"; };
		D2C7F207223DB1620051752B /* Collects.swift */ = {isa = PBXFileReference; lastKnownFileType = sourcecode.swift; path = Collects.swift; sourceTree = "<group>"; };
		D2C7F20D223DB9080051752B /* Products.swift */ = {isa = PBXFileReference; lastKnownFileType = sourcecode.swift; path = Products.swift; sourceTree = "<group>"; };
		D2EF025A223D667600A5A530 /* CustomCollections.swift */ = {isa = PBXFileReference; lastKnownFileType = sourcecode.swift; path = CustomCollections.swift; sourceTree = "<group>"; };
/* End PBXFileReference section */

/* Begin PBXFrameworksBuildPhase section */
		D295990F223D620F00B4517B /* Frameworks */ = {
			isa = PBXFrameworksBuildPhase;
			buildActionMask = 2147483647;
			files = (
			);
			runOnlyForDeploymentPostprocessing = 0;
		};
/* End PBXFrameworksBuildPhase section */

/* Begin PBXGroup section */
		D240AEAA223D867E00CF0D08 /* Controllers */ = {
			isa = PBXGroup;
			children = (
				D2959917223D620F00B4517B /* CustomCollectionVC.swift */,
				D240AEAD223D876D00CF0D08 /* CollectionDetailVC.swift */,
			);
			path = Controllers;
			sourceTree = "<group>";
		};
		D240AEAB223D869600CF0D08 /* Views */ = {
			isa = PBXGroup;
			children = (
				D2B0F282223EC4DD00B3378D /* Cells */,
				D2959919223D620F00B4517B /* Main.storyboard */,
			);
			path = Views;
			sourceTree = "<group>";
		};
		D240AEAC223D870B00CF0D08 /* SupportingFiles */ = {
			isa = PBXGroup;
			children = (
				D295991C223D620F00B4517B /* Assets.xcassets */,
				D295991E223D620F00B4517B /* LaunchScreen.storyboard */,
			);
			path = SupportingFiles;
			sourceTree = "<group>";
		};
		D2959909223D620F00B4517B = {
			isa = PBXGroup;
			children = (
				D2959914223D620F00B4517B /* CustomCollections */,
				D2959913223D620F00B4517B /* Products */,
			);
			sourceTree = "<group>";
		};
		D2959913223D620F00B4517B /* Products */ = {
			isa = PBXGroup;
			children = (
				D2959912223D620F00B4517B /* CustomCollections.app */,
			);
			name = Products;
			sourceTree = "<group>";
		};
		D2959914223D620F00B4517B /* CustomCollections */ = {
			isa = PBXGroup;
			children = (
				D2959915223D620F00B4517B /* AppDelegate.swift */,
				D2EF0259223D664C00A5A530 /* Models */,
				D240AEAA223D867E00CF0D08 /* Controllers */,
				D240AEAB223D869600CF0D08 /* Views */,
				D240AEAC223D870B00CF0D08 /* SupportingFiles */,
				D2959921223D620F00B4517B /* Info.plist */,
			);
			path = CustomCollections;
			sourceTree = "<group>";
		};
		D2B0F282223EC4DD00B3378D /* Cells */ = {
			isa = PBXGroup;
			children = (
				D2B0F283223EC57D00B3378D /* ProductCell.swift */,
				D2B0F284223EC57D00B3378D /* ProductCell.xib */,
				D2297EF722444D14003093AC /* CardCell.swift */,
				D2297EF822444D14003093AC /* CardCell.xib */,
			);
			path = Cells;
			sourceTree = "<group>";
		};
		D2EF0259223D664C00A5A530 /* Models */ = {
			isa = PBXGroup;
			children = (
				D2EF025A223D667600A5A530 /* CustomCollections.swift */,
				D2C7F207223DB1620051752B /* Collects.swift */,
				D2C7F20D223DB9080051752B /* Products.swift */,
				D247363D2243F6D700EA74C2 /* NetworkManager.swift */,
			);
			path = Models;
			sourceTree = "<group>";
		};
/* End PBXGroup section */

/* Begin PBXNativeTarget section */
		D2959911223D620F00B4517B /* CustomCollections */ = {
			isa = PBXNativeTarget;
			buildConfigurationList = D2959924223D620F00B4517B /* Build configuration list for PBXNativeTarget "CustomCollections" */;
			buildPhases = (
				D295990E223D620F00B4517B /* Sources */,
				D295990F223D620F00B4517B /* Frameworks */,
				D2959910223D620F00B4517B /* Resources */,
			);
			buildRules = (
			);
			dependencies = (
			);
			name = CustomCollections;
			productName = CustomCollections;
			productReference = D2959912223D620F00B4517B /* CustomCollections.app */;
			productType = "com.apple.product-type.application";
		};
/* End PBXNativeTarget section */

/* Begin PBXProject section */
		D295990A223D620F00B4517B /* Project object */ = {
			isa = PBXProject;
			attributes = {
				LastSwiftUpdateCheck = 1010;
				LastUpgradeCheck = 1010;
				ORGANIZATIONNAME = jawnyawn;
				TargetAttributes = {
					D2959911223D620F00B4517B = {
						CreatedOnToolsVersion = 10.1;
					};
				};
			};
			buildConfigurationList = D295990D223D620F00B4517B /* Build configuration list for PBXProject "CustomCollections" */;
			compatibilityVersion = "Xcode 9.3";
			developmentRegion = en;
			hasScannedForEncodings = 0;
			knownRegions = (
				en,
				Base,
			);
			mainGroup = D2959909223D620F00B4517B;
			productRefGroup = D2959913223D620F00B4517B /* Products */;
			projectDirPath = "";
			projectRoot = "";
			targets = (
				D2959911223D620F00B4517B /* CustomCollections */,
			);
		};
/* End PBXProject section */

/* Begin PBXResourcesBuildPhase section */
		D2959910223D620F00B4517B /* Resources */ = {
			isa = PBXResourcesBuildPhase;
			buildActionMask = 2147483647;
			files = (
				D2959920223D620F00B4517B /* LaunchScreen.storyboard in Resources */,
				D2B0F286223EC57D00B3378D /* ProductCell.xib in Resources */,
				D2297EFA22444D14003093AC /* CardCell.xib in Resources */,
				D295991D223D620F00B4517B /* Assets.xcassets in Resources */,
				D295991B223D620F00B4517B /* Main.storyboard in Resources */,
			);
			runOnlyForDeploymentPostprocessing = 0;
		};
/* End PBXResourcesBuildPhase section */

/* Begin PBXSourcesBuildPhase section */
		D295990E223D620F00B4517B /* Sources */ = {
			isa = PBXSourcesBuildPhase;
			buildActionMask = 2147483647;
			files = (
				D2C7F20E223DB9080051752B /* Products.swift in Sources */,
				D2B0F285223EC57D00B3378D /* ProductCell.swift in Sources */,
				D2C7F208223DB1620051752B /* Collects.swift in Sources */,
				D2959918223D620F00B4517B /* CustomCollectionVC.swift in Sources */,
				D247363E2243F6D700EA74C2 /* NetworkManager.swift in Sources */,
				D2EF025B223D667600A5A530 /* CustomCollections.swift in Sources */,
				D240AEAE223D876D00CF0D08 /* CollectionDetailVC.swift in Sources */,
				D2959916223D620F00B4517B /* AppDelegate.swift in Sources */,
				D2297EF922444D14003093AC /* CardCell.swift in Sources */,
			);
			runOnlyForDeploymentPostprocessing = 0;
		};
/* End PBXSourcesBuildPhase section */

/* Begin PBXVariantGroup section */
		D2959919223D620F00B4517B /* Main.storyboard */ = {
			isa = PBXVariantGroup;
			children = (
				D295991A223D620F00B4517B /* Base */,
			);
			name = Main.storyboard;
			sourceTree = "<group>";
		};
		D295991E223D620F00B4517B /* LaunchScreen.storyboard */ = {
			isa = PBXVariantGroup;
			children = (
				D295991F223D620F00B4517B /* Base */,
			);
			name = LaunchScreen.storyboard;
			sourceTree = "<group>";
		};
/* End PBXVariantGroup section */

/* Begin XCBuildConfiguration section */
		D2959922223D620F00B4517B /* Debug */ = {
			isa = XCBuildConfiguration;
			buildSettings = {
				ALWAYS_SEARCH_USER_PATHS = NO;
				CLANG_ANALYZER_NONNULL = YES;
				CLANG_ANALYZER_NUMBER_OBJECT_CONVERSION = YES_AGGRESSIVE;
				CLANG_CXX_LANGUAGE_STANDARD = "gnu++14";
				CLANG_CXX_LIBRARY = "libc++";
				CLANG_ENABLE_MODULES = YES;
				CLANG_ENABLE_OBJC_ARC = YES;
				CLANG_ENABLE_OBJC_WEAK = YES;
				CLANG_WARN_BLOCK_CAPTURE_AUTORELEASING = YES;
				CLANG_WARN_BOOL_CONVERSION = YES;
				CLANG_WARN_COMMA = YES;
				CLANG_WARN_CONSTANT_CONVERSION = YES;
				CLANG_WARN_DEPRECATED_OBJC_IMPLEMENTATIONS = YES;
				CLANG_WARN_DIRECT_OBJC_ISA_USAGE = YES_ERROR;
				CLANG_WARN_DOCUMENTATION_COMMENTS = YES;
				CLANG_WARN_EMPTY_BODY = YES;
				CLANG_WARN_ENUM_CONVERSION = YES;
				CLANG_WARN_INFINITE_RECURSION = YES;
				CLANG_WARN_INT_CONVERSION = YES;
				CLANG_WARN_NON_LITERAL_NULL_CONVERSION = YES;
				CLANG_WARN_OBJC_IMPLICIT_RETAIN_SELF = YES;
				CLANG_WARN_OBJC_LITERAL_CONVERSION = YES;
				CLANG_WARN_OBJC_ROOT_CLASS = YES_ERROR;
				CLANG_WARN_RANGE_LOOP_ANALYSIS = YES;
				CLANG_WARN_STRICT_PROTOTYPES = YES;
				CLANG_WARN_SUSPICIOUS_MOVE = YES;
				CLANG_WARN_UNGUARDED_AVAILABILITY = YES_AGGRESSIVE;
				CLANG_WARN_UNREACHABLE_CODE = YES;
				CLANG_WARN__DUPLICATE_METHOD_MATCH = YES;
				CODE_SIGN_IDENTITY = "iPhone Developer";
				COPY_PHASE_STRIP = NO;
				DEBUG_INFORMATION_FORMAT = dwarf;
				ENABLE_STRICT_OBJC_MSGSEND = YES;
				ENABLE_TESTABILITY = YES;
				GCC_C_LANGUAGE_STANDARD = gnu11;
				GCC_DYNAMIC_NO_PIC = NO;
				GCC_NO_COMMON_BLOCKS = YES;
				GCC_OPTIMIZATION_LEVEL = 0;
				GCC_PREPROCESSOR_DEFINITIONS = (
					"DEBUG=1",
					"$(inherited)",
				);
				GCC_WARN_64_TO_32_BIT_CONVERSION = YES;
				GCC_WARN_ABOUT_RETURN_TYPE = YES_ERROR;
				GCC_WARN_UNDECLARED_SELECTOR = YES;
				GCC_WARN_UNINITIALIZED_AUTOS = YES_AGGRESSIVE;
				GCC_WARN_UNUSED_FUNCTION = YES;
				GCC_WARN_UNUSED_VARIABLE = YES;
				IPHONEOS_DEPLOYMENT_TARGET = 12.1;
				MTL_ENABLE_DEBUG_INFO = INCLUDE_SOURCE;
				MTL_FAST_MATH = YES;
				ONLY_ACTIVE_ARCH = YES;
				SDKROOT = iphoneos;
				SWIFT_ACTIVE_COMPILATION_CONDITIONS = DEBUG;
				SWIFT_OPTIMIZATION_LEVEL = "-Onone";
			};
			name = Debug;
		};
		D2959923223D620F00B4517B /* Release */ = {
			isa = XCBuildConfiguration;
			buildSettings = {
				ALWAYS_SEARCH_USER_PATHS = NO;
				CLANG_ANALYZER_NONNULL = YES;
				CLANG_ANALYZER_NUMBER_OBJECT_CONVERSION = YES_AGGRESSIVE;
				CLANG_CXX_LANGUAGE_STANDARD = "gnu++14";
				CLANG_CXX_LIBRARY = "libc++";
				CLANG_ENABLE_MODULES = YES;
				CLANG_ENABLE_OBJC_ARC = YES;
				CLANG_ENABLE_OBJC_WEAK = YES;
				CLANG_WARN_BLOCK_CAPTURE_AUTORELEASING = YES;
				CLANG_WARN_BOOL_CONVERSION = YES;
				CLANG_WARN_COMMA = YES;
				CLANG_WARN_CONSTANT_CONVERSION = YES;
				CLANG_WARN_DEPRECATED_OBJC_IMPLEMENTATIONS = YES;
				CLANG_WARN_DIRECT_OBJC_ISA_USAGE = YES_ERROR;
				CLANG_WARN_DOCUMENTATION_COMMENTS = YES;
				CLANG_WARN_EMPTY_BODY = YES;
				CLANG_WARN_ENUM_CONVERSION = YES;
				CLANG_WARN_INFINITE_RECURSION = YES;
				CLANG_WARN_INT_CONVERSION = YES;
				CLANG_WARN_NON_LITERAL_NULL_CONVERSION = YES;
				CLANG_WARN_OBJC_IMPLICIT_RETAIN_SELF = YES;
				CLANG_WARN_OBJC_LITERAL_CONVERSION = YES;
				CLANG_WARN_OBJC_ROOT_CLASS = YES_ERROR;
				CLANG_WARN_RANGE_LOOP_ANALYSIS = YES;
				CLANG_WARN_STRICT_PROTOTYPES = YES;
				CLANG_WARN_SUSPICIOUS_MOVE = YES;
				CLANG_WARN_UNGUARDED_AVAILABILITY = YES_AGGRESSIVE;
				CLANG_WARN_UNREACHABLE_CODE = YES;
				CLANG_WARN__DUPLICATE_METHOD_MATCH = YES;
				CODE_SIGN_IDENTITY = "iPhone Developer";
				COPY_PHASE_STRIP = NO;
				DEBUG_INFORMATION_FORMAT = "dwarf-with-dsym";
				ENABLE_NS_ASSERTIONS = NO;
				ENABLE_STRICT_OBJC_MSGSEND = YES;
				GCC_C_LANGUAGE_STANDARD = gnu11;
				GCC_NO_COMMON_BLOCKS = YES;
				GCC_WARN_64_TO_32_BIT_CONVERSION = YES;
				GCC_WARN_ABOUT_RETURN_TYPE = YES_ERROR;
				GCC_WARN_UNDECLARED_SELECTOR = YES;
				GCC_WARN_UNINITIALIZED_AUTOS = YES_AGGRESSIVE;
				GCC_WARN_UNUSED_FUNCTION = YES;
				GCC_WARN_UNUSED_VARIABLE = YES;
				IPHONEOS_DEPLOYMENT_TARGET = 12.1;
				MTL_ENABLE_DEBUG_INFO = NO;
				MTL_FAST_MATH = YES;
				SDKROOT = iphoneos;
				SWIFT_COMPILATION_MODE = wholemodule;
				SWIFT_OPTIMIZATION_LEVEL = "-O";
				VALIDATE_PRODUCT = YES;
			};
			name = Release;
		};
		D2959925223D620F00B4517B /* Debug */ = {
			isa = XCBuildConfiguration;
			buildSettings = {
				ASSETCATALOG_COMPILER_APPICON_NAME = AppIcon;
				CODE_SIGN_STYLE = Automatic;
				DEVELOPMENT_TEAM = DGLQEP2M6C;
				INFOPLIST_FILE = CustomCollections/Info.plist;
				LD_RUNPATH_SEARCH_PATHS = (
					"$(inherited)",
					"@executable_path/Frameworks",
				);
				PRODUCT_BUNDLE_IDENTIFIER = com.jawnyawn.CustomCollections;
				PRODUCT_NAME = "$(TARGET_NAME)";
				SWIFT_VERSION = 4.2;
				TARGETED_DEVICE_FAMILY = "1,2";
			};
			name = Debug;
		};
		D2959926223D620F00B4517B /* Release */ = {
			isa = XCBuildConfiguration;
			buildSettings = {
				ASSETCATALOG_COMPILER_APPICON_NAME = AppIcon;
				CODE_SIGN_STYLE = Automatic;
				DEVELOPMENT_TEAM = DGLQEP2M6C;
				INFOPLIST_FILE = CustomCollections/Info.plist;
				LD_RUNPATH_SEARCH_PATHS = (
					"$(inherited)",
					"@executable_path/Frameworks",
				);
				PRODUCT_BUNDLE_IDENTIFIER = com.jawnyawn.CustomCollections;
				PRODUCT_NAME = "$(TARGET_NAME)";
				SWIFT_VERSION = 4.2;
				TARGETED_DEVICE_FAMILY = "1,2";
			};
			name = Release;
		};
/* End XCBuildConfiguration section */

/* Begin XCConfigurationList section */
		D295990D223D620F00B4517B /* Build configuration list for PBXProject "CustomCollections" */ = {
			isa = XCConfigurationList;
			buildConfigurations = (
				D2959922223D620F00B4517B /* Debug */,
				D2959923223D620F00B4517B /* Release */,
			);
			defaultConfigurationIsVisible = 0;
			defaultConfigurationName = Release;
		};
		D2959924223D620F00B4517B /* Build configuration list for PBXNativeTarget "CustomCollections" */ = {
			isa = XCConfigurationList;
			buildConfigurations = (
				D2959925223D620F00B4517B /* Debug */,
				D2959926223D620F00B4517B /* Release */,
			);
			defaultConfigurationIsVisible = 0;
			defaultConfigurationName = Release;
		};
/* End XCConfigurationList section */
	};
	rootObject = D295990A223D620F00B4517B /* Project object */;
}
